PODS:
  - AFNetworking (3.1.0):
    - AFNetworking/NSURLSession (= 3.1.0)
    - AFNetworking/Reachability (= 3.1.0)
    - AFNetworking/Security (= 3.1.0)
    - AFNetworking/Serialization (= 3.1.0)
    - AFNetworking/UIKit (= 3.1.0)
  - AFNetworking/NSURLSession (3.1.0):
    - AFNetworking/Reachability
    - AFNetworking/Security
    - AFNetworking/Serialization
  - AFNetworking/Reachability (3.1.0)
  - AFNetworking/Security (3.1.0)
  - AFNetworking/Serialization (3.1.0)
  - AFNetworking/UIKit (3.1.0):
    - AFNetworking/NSURLSession
  - NSObject+HZCoding (1.2.0)

DEPENDENCIES:
  - AFNetworking (~> 3.1.0)
  - NSObject+HZCoding (~> 1.2.0)

SPEC CHECKSUMS:
  AFNetworking: 5e0e199f73d8626b11e79750991f5d173d1f8b67
  NSObject+HZCoding: bd243d7335060e242a1b4a05e2472b7a9b330fe4

PODFILE CHECKSUM: e83f6367c7fe17b5793e1a9d719b80ad87584302

COCOAPODS: 1.2.1.beta.1
